
Microsoft Visual Studio Solution File, Format Version 12.00
# Visual Studio Version 17
VisualStudioVersion = 17.7.34031.279
MinimumVisualStudioVersion = 10.0.40219.1
Project("{FAE04EC0-301F-11D3-BF4B-00C04F79EFBC}") = "Project", "Project\Project.csproj", "{D42A2E31-090C-43EC-980A-150F62FD5FCA}"
EndProject
Global
	GlobalSection(SolutionConfigurationPlatforms) = preSolution
		Debug|Any CPU = Debug|Any CPU
		Release|Any CPU = Release|Any CPU
	EndGlobalSection
	GlobalSection(ProjectConfigurationPlatforms) = postSolution
		{D42A2E31-090C-43EC-980A-150F62FD5FCA}.Debug|Any CPU.ActiveCfg = Debug|Any CPU
		{D42A2E31-090C-43EC-980A-150F62FD5FCA}.Debug|Any CPU.Build.0 = Debug|Any CPU
		{D42A2E31-090C-43EC-980A-150F62FD5FCA}.Release|Any CPU.ActiveCfg = Release|Any CPU
		{D42A2E31-090C-43EC-980A-150F62FD5FCA}.Release|Any CPU.Build.0 = Release|Any CPU
	EndGlobalSection
	GlobalSection(SolutionProperties) = preSolution
		HideSolutionNode = FALSE
	EndGlobalSection
	GlobalSection(ExtensibilityGlobals) = postSolution
		SolutionGuid = {17F8E38C-CEDA-44DB-813B-79D6EB0992EB}
	EndGlobalSection
EndGlobal
